
Microsoft Visual Studio Solution File, Format Version 12.00
# Visual Studio Version 16
VisualStudioVersion = 16.0.30611.23
MinimumVisualStudioVersion = 10.0.40219.1
Project("{9A19103F-16F7-4668-BE54-9A1E7A4F7556}") = "HomeWork_4_03_01", "HomeWork_4_03_01.csproj", "{D08EB906-D906-48A8-AF6F-4B2AC93063FF}"
EndProject
Project("{2150E333-8FDC-42A3-9474-1A3956D46DE8}") = "HomeWork_4_03_02", "HomeWork_4_03_02", "{5FCF489E-04B4-45EB-B4DB-1BCBBF25C851}"
EndProject
Project("{FAE04EC0-301F-11D3-BF4B-00C04F79EFBC}") = "HomeWork_4_03_03", "..\HomeWork_4_03_03\HomeWork_4_03_03.csproj", "{074D927B-4113-477A-AA22-7522BA63DC06}"
EndProject
Global
	GlobalSection(SolutionConfigurationPlatforms) = preSolution
		Debug|Any CPU = Debug|Any CPU
		Release|Any CPU = Release|Any CPU
	EndGlobalSection
	GlobalSection(ProjectConfigurationPlatforms) = postSolution
		{D08EB906-D906-48A8-AF6F-4B2AC93063FF}.Debug|Any CPU.ActiveCfg = Debug|Any CPU
		{D08EB906-D906-48A8-AF6F-4B2AC93063FF}.Debug|Any CPU.Build.0 = Debug|Any CPU
		{D08EB906-D906-48A8-AF6F-4B2AC93063FF}.Release|Any CPU.ActiveCfg = Release|Any CPU
		{D08EB906-D906-48A8-AF6F-4B2AC93063FF}.Release|Any CPU.Build.0 = Release|Any CPU
		{074D927B-4113-477A-AA22-7522BA63DC06}.Debug|Any CPU.ActiveCfg = Debug|Any CPU
		{074D927B-4113-477A-AA22-7522BA63DC06}.Debug|Any CPU.Build.0 = Debug|Any CPU
		{074D927B-4113-477A-AA22-7522BA63DC06}.Release|Any CPU.ActiveCfg = Release|Any CPU
		{074D927B-4113-477A-AA22-7522BA63DC06}.Release|Any CPU.Build.0 = Release|Any CPU
	EndGlobalSection
	GlobalSection(SolutionProperties) = preSolution
		HideSolutionNode = FALSE
	EndGlobalSection
	GlobalSection(NestedProjects) = preSolution
		{074D927B-4113-477A-AA22-7522BA63DC06} = {5FCF489E-04B4-45EB-B4DB-1BCBBF25C851}
	EndGlobalSection
	GlobalSection(ExtensibilityGlobals) = postSolution
		SolutionGuid = {3FE95B0C-1283-4AA9-9DD5-9DFBC5F96FEB}
	EndGlobalSection
EndGlobal
