
Microsoft Visual Studio Solution File, Format Version 12.00
# Visual Studio Version 16
VisualStudioVersion = 16.0.30517.126
MinimumVisualStudioVersion = 10.0.40219.1
Project("{FAE04EC0-301F-11D3-BF4B-00C04F79EFBC}") = "HomeWork_4_03", "HomeWork_4_03.csproj", "{589EA32B-8738-428B-A126-6263322932CB}"
EndProject
Global
	GlobalSection(SolutionConfigurationPlatforms) = preSolution
		Debug|Any CPU = Debug|Any CPU
		Release|Any CPU = Release|Any CPU
	EndGlobalSection
	GlobalSection(ProjectConfigurationPlatforms) = postSolution
		{589EA32B-8738-428B-A126-6263322932CB}.Debug|Any CPU.ActiveCfg = Debug|Any CPU
		{589EA32B-8738-428B-A126-6263322932CB}.Debug|Any CPU.Build.0 = Debug|Any CPU
		{589EA32B-8738-428B-A126-6263322932CB}.Release|Any CPU.ActiveCfg = Release|Any CPU
		{589EA32B-8738-428B-A126-6263322932CB}.Release|Any CPU.Build.0 = Release|Any CPU
	EndGlobalSection
	GlobalSection(SolutionProperties) = preSolution
		HideSolutionNode = FALSE
	EndGlobalSection
	GlobalSection(ExtensibilityGlobals) = postSolution
		SolutionGuid = {44B3D509-13BD-4377-B080-2BE3F5F72CFC}
	EndGlobalSection
EndGlobal
